# This file is generated by running "yarn install" inside your project.
# Manual changes might be lost - proceed with caution!

__metadata:
  version: 8
  cacheKey: 10c0

"@xterm/addon-clipboard@workspace:.":
  version: 0.0.0-use.local
  resolution: "@xterm/addon-clipboard@workspace:."
  dependencies:
    js-base64: "npm:^3.7.5"
  peerDependencies:
    "@jsnix/xterm": ^5.4.0
  languageName: unknown
  linkType: soft

"js-base64@npm:^3.7.5":
  version: 3.7.7
  resolution: "js-base64@npm:3.7.7"
  checksum: 10c0/3c905a7e78b601e4751b5e710edd0d6d045ce2d23eb84c9df03515371e1b291edc72808dc91e081cb9855aef6758292a2407006f4608ec3705373dd8baf2f80f
  languageName: node
  linkType: hard
